
Microsoft Visual Studio Solution File, Format Version 12.00
# Visual Studio Version 17
VisualStudioVersion = 17.0.32014.148
MinimumVisualStudioVersion = 10.0.40219.1
Project("{FAE04EC0-301F-11D3-BF4B-00C04F79EFBC}") = "react_redux", "react_redux.csproj", "{2D4B6688-BE36-4878-81B2-040D206DE64F}"
EndProject
Global
	GlobalSection(SolutionConfigurationPlatforms) = preSolution
		Debug|Any CPU = Debug|Any CPU
		Release|Any CPU = Release|Any CPU
	EndGlobalSection
	GlobalSection(ProjectConfigurationPlatforms) = postSolution
		{2D4B6688-BE36-4878-81B2-040D206DE64F}.Debug|Any CPU.ActiveCfg = Debug|Any CPU
		{2D4B6688-BE36-4878-81B2-040D206DE64F}.Debug|Any CPU.Build.0 = Debug|Any CPU
		{2D4B6688-BE36-4878-81B2-040D206DE64F}.Release|Any CPU.ActiveCfg = Release|Any CPU
		{2D4B6688-BE36-4878-81B2-040D206DE64F}.Release|Any CPU.Build.0 = Release|Any CPU
	EndGlobalSection
	GlobalSection(SolutionProperties) = preSolution
		HideSolutionNode = FALSE
	EndGlobalSection
	GlobalSection(ExtensibilityGlobals) = postSolution
		SolutionGuid = {63A29D50-C344-4DCF-A1FE-28706682C7AE}
	EndGlobalSection
EndGlobal
